// !$*UTF8*$!
{
	archiveVersion = 1;
	classes = {
	};
	objectVersion = 46;
	objects = {

/* Begin PBXBuildFile section */
		15CE92A11BA383880094E491 /* AppDelegate.swift in Sources */ = {isa = PBXBuildFile; fileRef = 15CE92A01BA383880094E491 /* AppDelegate.swift */; };
		15CE92A31BA383880094E491 /* ViewController.swift in Sources */ = {isa = PBXBuildFile; fileRef = 15CE92A21BA383880094E491 /* ViewController.swift */; };
		15CE92A61BA383880094E491 /* Main.storyboard in Resources */ = {isa = PBXBuildFile; fileRef = 15CE92A41BA383880094E491 /* Main.storyboard */; };
		15CE92A81BA383880094E491 /* Images.xcassets in Resources */ = {isa = PBXBuildFile; fileRef = 15CE92A71BA383880094E491 /* Images.xcassets */; };
		15CE92AB1BA383880094E491 /* LaunchScreen.xib in Resources */ = {isa = PBXBuildFile; fileRef = 15CE92A91BA383880094E491 /* LaunchScreen.xib */; };
		15CE92B71BA383880094E491 /* SPCV1Tests.swift in Sources */ = {isa = PBXBuildFile; fileRef = 15CE92B61BA383880094E491 /* SPCV1Tests.swift */; };
/* End PBXBuildFile section */

/* Begin PBXContainerItemProxy section */
		15CE92B11BA383880094E491 /* PBXContainerItemProxy */ = {
			isa = PBXContainerItemProxy;
			containerPortal = 15CE92931BA383880094E491 /* Project object */;
			proxyType = 1;
			remoteGlobalIDString = 15CE929A1BA383880094E491;
			remoteInfo = SPCV1;
		};
/* End PBXContainerItemProxy section */

/* Begin PBXFileReference section */
		15CE929B1BA383880094E491 /* SPCV1.app */ = {isa = PBXFileReference; explicitFileType = wrapper.application; includeInIndex = 0; path = SPCV1.app; sourceTree = BUILT_PRODUCTS_DIR; };
		15CE929F1BA383880094E491 /* Info.plist */ = {isa = PBXFileReference; lastKnownFileType = text.plist.xml; path = Info.plist; sourceTree = "<group>"; };
		15CE92A01BA383880094E491 /* AppDelegate.swift */ = {isa = PBXFileReference; lastKnownFileType = sourcecode.swift; path = AppDelegate.swift; sourceTree = "<group>"; };
		15CE92A21BA383880094E491 /* ViewController.swift */ = {isa = PBXFileReference; lastKnownFileType = sourcecode.swift; path = ViewController.swift; sourceTree = "<group>"; };
		15CE92A51BA383880094E491 /* Base */ = {isa = PBXFileReference; lastKnownFileType = file.storyboard; name = Base; path = Base.lproj/Main.storyboard; sourceTree = "<group>"; };
		15CE92A71BA383880094E491 /* Images.xcassets */ = {isa = PBXFileReference; lastKnownFileType = folder.assetcatalog; path = Images.xcassets; sourceTree = "<group>"; };
		15CE92AA1BA383880094E491 /* Base */ = {isa = PBXFileReference; lastKnownFileType = file.xib; name = Base; path = Base.lproj/LaunchScreen.xib; sourceTree = "<group>"; };
		15CE92B01BA383880094E491 /* SPCV1Tests.xctest */ = {isa = PBXFileReference; explicitFileType = wrapper.cfbundle; includeInIndex = 0; path = SPCV1Tests.xctest; sourceTree = BUILT_PRODUCTS_DIR; };
		15CE92B51BA383880094E491 /* Info.plist */ = {isa = PBXFileReference; lastKnownFileType = text.plist.xml; path = Info.plist; sourceTree = "<group>"; };
		15CE92B61BA383880094E491 /* SPCV1Tests.swift */ = {isa = PBXFileReference; lastKnownFileType = sourcecode.swift; path = SPCV1Tests.swift; sourceTree = "<group>"; };
/* End PBXFileReference section */

/* Begin PBXFrameworksBuildPhase section */
		15CE92981BA383880094E491 /* Frameworks */ = {
			isa = PBXFrameworksBuildPhase;
			buildActionMask = 2147483647;
			files = (
			);
			runOnlyForDeploymentPostprocessing = 0;
		};
		15CE92AD1BA383880094E491 /* Frameworks */ = {
			isa = PBXFrameworksBuildPhase;
			buildActionMask = 2147483647;
			files = (
			);
			runOnlyForDeploymentPostprocessing = 0;
		};
/* End PBXFrameworksBuildPhase section */

/* Begin PBXGroup section */
		15CE92921BA383880094E491 = {
			isa = PBXGroup;
			children = (
				15CE929D1BA383880094E491 /* SPCV1 */,
				15CE92B31BA383880094E491 /* SPCV1Tests */,
				15CE929C1BA383880094E491 /* Products */,
			);
			sourceTree = "<group>";
		};
		15CE929C1BA383880094E491 /* Products */ = {
			isa = PBXGroup;
			children = (
				15CE929B1BA383880094E491 /* SPCV1.app */,
				15CE92B01BA383880094E491 /* SPCV1Tests.xctest */,
			);
			name = Products;
			sourceTree = "<group>";
		};
		15CE929D1BA383880094E491 /* SPCV1 */ = {
			isa = PBXGroup;
			children = (
				15CE92A01BA383880094E491 /* AppDelegate.swift */,
				15CE92A21BA383880094E491 /* ViewController.swift */,
				15CE92A41BA383880094E491 /* Main.storyboard */,
				15CE92A71BA383880094E491 /* Images.xcassets */,
				15CE92A91BA383880094E491 /* LaunchScreen.xib */,
				15CE929E1BA383880094E491 /* Supporting Files */,
			);
			path = SPCV1;
			sourceTree = "<group>";
		};
		15CE929E1BA383880094E491 /* Supporting Files */ = {
			isa = PBXGroup;
			children = (
				15CE929F1BA383880094E491 /* Info.plist */,
			);
			name = "Supporting Files";
			sourceTree = "<group>";
		};
		15CE92B31BA383880094E491 /* SPCV1Tests */ = {
			isa = PBXGroup;
			children = (
				15CE92B61BA383880094E491 /* SPCV1Tests.swift */,
				15CE92B41BA383880094E491 /* Supporting Files */,
			);
			path = SPCV1Tests;
			sourceTree = "<group>";
		};
		15CE92B41BA383880094E491 /* Supporting Files */ = {
			isa = PBXGroup;
			children = (
				15CE92B51BA383880094E491 /* Info.plist */,
			);
			name = "Supporting Files";
			sourceTree = "<group>";
		};
/* End PBXGroup section */

/* Begin PBXNativeTarget section */
		15CE929A1BA383880094E491 /* SPCV1 */ = {
			isa = PBXNativeTarget;
			buildConfigurationList = 15CE92BA1BA383880094E491 /* Build configuration list for PBXNativeTarget "SPCV1" */;
			buildPhases = (
				15CE92971BA383880094E491 /* Sources */,
				15CE92981BA383880094E491 /* Frameworks */,
				15CE92991BA383880094E491 /* Resources */,
			);
			buildRules = (
			);
			dependencies = (
			);
			name = SPCV1;
			productName = SPCV1;
			productReference = 15CE929B1BA383880094E491 /* SPCV1.app */;
			productType = "com.apple.product-type.application";
		};
		15CE92AF1BA383880094E491 /* SPCV1Tests */ = {
			isa = PBXNativeTarget;
			buildConfigurationList = 15CE92BD1BA383880094E491 /* Build configuration list for PBXNativeTarget "SPCV1Tests" */;
			buildPhases = (
				15CE92AC1BA383880094E491 /* Sources */,
				15CE92AD1BA383880094E491 /* Frameworks */,
				15CE92AE1BA383880094E491 /* Resources */,
			);
			buildRules = (
			);
			dependencies = (
				15CE92B21BA383880094E491 /* PBXTargetDependency */,
			);
			name = SPCV1Tests;
			productName = SPCV1Tests;
			productReference = 15CE92B01BA383880094E491 /* SPCV1Tests.xctest */;
			productType = "com.apple.product-type.bundle.unit-test";
		};
/* End PBXNativeTarget section */

/* Begin PBXProject section */
		15CE92931BA383880094E491 /* Project object */ = {
			isa = PBXProject;
			attributes = {
				LastUpgradeCheck = 0630;
				ORGANIZATIONNAME = "Cindy Fan";
				TargetAttributes = {
					15CE929A1BA383880094E491 = {
						CreatedOnToolsVersion = 6.3.2;
					};
					15CE92AF1BA383880094E491 = {
						CreatedOnToolsVersion = 6.3.2;
						TestTargetID = 15CE929A1BA383880094E491;
					};
				};
			};
			buildConfigurationList = 15CE92961BA383880094E491 /* Build configuration list for PBXProject "SPCV1" */;
			compatibilityVersion = "Xcode 3.2";
			developmentRegion = English;
			hasScannedForEncodings = 0;
			knownRegions = (
				en,
				Base,
			);
			mainGroup = 15CE92921BA383880094E491;
			productRefGroup = 15CE929C1BA383880094E491 /* Products */;
			projectDirPath = "";
			projectRoot = "";
			targets = (
				15CE929A1BA383880094E491 /* SPCV1 */,
				15CE92AF1BA383880094E491 /* SPCV1Tests */,
			);
		};
/* End PBXProject section */

/* Begin PBXResourcesBuildPhase section */
		15CE92991BA383880094E491 /* Resources */ = {
			isa = PBXResourcesBuildPhase;
			buildActionMask = 2147483647;
			files = (
				15CE92A61BA383880094E491 /* Main.storyboard in Resources */,
				15CE92AB1BA383880094E491 /* LaunchScreen.xib in Resources */,
				15CE92A81BA383880094E491 /* Images.xcassets in Resources */,
			);
			runOnlyForDeploymentPostprocessing = 0;
		};
		15CE92AE1BA383880094E491 /* Resources */ = {
			isa = PBXResourcesBuildPhase;
			buildActionMask = 2147483647;
			files = (
			);
			runOnlyForDeploymentPostprocessing = 0;
		};
/* End PBXResourcesBuildPhase section */

/* Begin PBXSourcesBuildPhase section */
		15CE92971BA383880094E491 /* Sources */ = {
			isa = PBXSourcesBuildPhase;
			buildActionMask = 2147483647;
			files = (
				15CE92A31BA383880094E491 /* ViewController.swift in Sources */,
				15CE92A11BA383880094E491 /* AppDelegate.swift in Sources */,
			);
			runOnlyForDeploymentPostprocessing = 0;
		};
		15CE92AC1BA383880094E491 /* Sources */ = {
			isa = PBXSourcesBuildPhase;
			buildActionMask = 2147483647;
			files = (
				15CE92B71BA383880094E491 /* SPCV1Tests.swift in Sources */,
			);
			runOnlyForDeploymentPostprocessing = 0;
		};
/* End PBXSourcesBuildPhase section */

/* Begin PBXTargetDependency section */
		15CE92B21BA383880094E491 /* PBXTargetDependency */ = {
			isa = PBXTargetDependency;
			target = 15CE929A1BA383880094E491 /* SPCV1 */;
			targetProxy = 15CE92B11BA383880094E491 /* PBXContainerItemProxy */;
		};
/* End PBXTargetDependency section */

/* Begin PBXVariantGroup section */
		15CE92A41BA383880094E491 /* Main.storyboard */ = {
			isa = PBXVariantGroup;
			children = (
				15CE92A51BA383880094E491 /* Base */,
			);
			name = Main.storyboard;
			sourceTree = "<group>";
		};
		15CE92A91BA383880094E491 /* LaunchScreen.xib */ = {
			isa = PBXVariantGroup;
			children = (
				15CE92AA1BA383880094E491 /* Base */,
			);
			name = LaunchScreen.xib;
			sourceTree = "<group>";
		};
/* End PBXVariantGroup section */

/* Begin XCBuildConfiguration section */
		15CE92B81BA383880094E491 /* Debug */ = {
			isa = XCBuildConfiguration;
			buildSettings = {
				ALWAYS_SEARCH_USER_PATHS = NO;
				CLANG_CXX_LANGUAGE_STANDARD = "gnu++0x";
				CLANG_CXX_LIBRARY = "libc++";
				CLANG_ENABLE_MODULES = YES;
				CLANG_ENABLE_OBJC_ARC = YES;
				CLANG_WARN_BOOL_CONVERSION = YES;
				CLANG_WARN_CONSTANT_CONVERSION = YES;
				CLANG_WARN_DIRECT_OBJC_ISA_USAGE = YES_ERROR;
				CLANG_WARN_EMPTY_BODY = YES;
				CLANG_WARN_ENUM_CONVERSION = YES;
				CLANG_WARN_INT_CONVERSION = YES;
				CLANG_WARN_OBJC_ROOT_CLASS = YES_ERROR;
				CLANG_WARN_UNREACHABLE_CODE = YES;
				CLANG_WARN__DUPLICATE_METHOD_MATCH = YES;
				"CODE_SIGN_IDENTITY[sdk=iphoneos*]" = "iPhone Developer";
				COPY_PHASE_STRIP = NO;
				DEBUG_INFORMATION_FORMAT = "dwarf-with-dsym";
				ENABLE_STRICT_OBJC_MSGSEND = YES;
				GCC_C_LANGUAGE_STANDARD = gnu99;
				GCC_DYNAMIC_NO_PIC = NO;
				GCC_NO_COMMON_BLOCKS = YES;
				GCC_OPTIMIZATION_LEVEL = 0;
				GCC_PREPROCESSOR_DEFINITIONS = (
					"DEBUG=1",
					"$(inherited)",
				);
				GCC_SYMBOLS_PRIVATE_EXTERN = NO;
				GCC_WARN_64_TO_32_BIT_CONVERSION = YES;
				GCC_WARN_ABOUT_RETURN_TYPE = YES_ERROR;
				GCC_WARN_UNDECLARED_SELECTOR = YES;
				GCC_WARN_UNINITIALIZED_AUTOS = YES_AGGRESSIVE;
				GCC_WARN_UNUSED_FUNCTION = YES;
				GCC_WARN_UNUSED_VARIABLE = YES;
				IPHONEOS_DEPLOYMENT_TARGET = 8.3;
				MTL_ENABLE_DEBUG_INFO = YES;
				ONLY_ACTIVE_ARCH = YES;
				SDKROOT = iphoneos;
				SWIFT_OPTIMIZATION_LEVEL = "-Onone";
				TARGETED_DEVICE_FAMILY = "1,2";
			};
			name = Debug;
		};
		15CE92B91BA383880094E491 /* Release */ = {
			isa = XCBuildConfiguration;
			buildSettings = {
				ALWAYS_SEARCH_USER_PATHS = NO;
				CLANG_CXX_LANGUAGE_STANDARD = "gnu++0x";
				CLANG_CXX_LIBRARY = "libc++";
				CLANG_ENABLE_MODULES = YES;
				CLANG_ENABLE_OBJC_ARC = YES;
				CLANG_WARN_BOOL_CONVERSION = YES;
				CLANG_WARN_CONSTANT_CONVERSION = YES;
				CLANG_WARN_DIRECT_OBJC_ISA_USAGE = YES_ERROR;
				CLANG_WARN_EMPTY_BODY = YES;
				CLANG_WARN_ENUM_CONVERSION = YES;
				CLANG_WARN_INT_CONVERSION = YES;
				CLANG_WARN_OBJC_ROOT_CLASS = YES_ERROR;
				CLANG_WARN_UNREACHABLE_CODE = YES;
				CLANG_WARN__DUPLICATE_METHOD_MATCH = YES;
				"CODE_SIGN_IDENTITY[sdk=iphoneos*]" = "iPhone Developer";
				COPY_PHASE_STRIP = NO;
				DEBUG_INFORMATION_FORMAT = "dwarf-with-dsym";
				ENABLE_NS_ASSERTIONS = NO;
				ENABLE_STRICT_OBJC_MSGSEND = YES;
				GCC_C_LANGUAGE_STANDARD = gnu99;
				GCC_NO_COMMON_BLOCKS = YES;
				GCC_WARN_64_TO_32_BIT_CONVERSION = YES;
				GCC_WARN_ABOUT_RETURN_TYPE = YES_ERROR;
				GCC_WARN_UNDECLARED_SELECTOR = YES;
				GCC_WARN_UNINITIALIZED_AUTOS = YES_AGGRESSIVE;
				GCC_WARN_UNUSED_FUNCTION = YES;
				GCC_WARN_UNUSED_VARIABLE = YES;
				IPHONEOS_DEPLOYMENT_TARGET = 8.3;
				MTL_ENABLE_DEBUG_INFO = NO;
				SDKROOT = iphoneos;
				TARGETED_DEVICE_FAMILY = "1,2";
				VALIDATE_PRODUCT = YES;
			};
			name = Release;
		};
		15CE92BB1BA383880094E491 /* Debug */ = {
			isa = XCBuildConfiguration;
			buildSettings = {
				ASSETCATALOG_COMPILER_APPICON_NAME = AppIcon;
				INFOPLIST_FILE = SPCV1/Info.plist;
				LD_RUNPATH_SEARCH_PATHS = "$(inherited) @executable_path/Frameworks";
				PRODUCT_NAME = "$(TARGET_NAME)";
			};
			name = Debug;
		};
		15CE92BC1BA383880094E491 /* Release */ = {
			isa = XCBuildConfiguration;
			buildSettings = {
				ASSETCATALOG_COMPILER_APPICON_NAME = AppIcon;
				INFOPLIST_FILE = SPCV1/Info.plist;
				LD_RUNPATH_SEARCH_PATHS = "$(inherited) @executable_path/Frameworks";
				PRODUCT_NAME = "$(TARGET_NAME)";
			};
			name = Release;
		};
		15CE92BE1BA383880094E491 /* Debug */ = {
			isa = XCBuildConfiguration;
			buildSettings = {
				BUNDLE_LOADER = "$(TEST_HOST)";
				FRAMEWORK_SEARCH_PATHS = (
					"$(SDKROOT)/Developer/Library/Frameworks",
					"$(inherited)",
				);
				GCC_PREPROCESSOR_DEFINITIONS = (
					"DEBUG=1",
					"$(inherited)",
				);
				INFOPLIST_FILE = SPCV1Tests/Info.plist;
				LD_RUNPATH_SEARCH_PATHS = "$(inherited) @executable_path/Frameworks @loader_path/Frameworks";
				PRODUCT_NAME = "$(TARGET_NAME)";
				TEST_HOST = "$(BUILT_PRODUCTS_DIR)/SPCV1.app/SPCV1";
			};
			name = Debug;
		};
		15CE92BF1BA383880094E491 /* Release */ = {
			isa = XCBuildConfiguration;
			buildSettings = {
				BUNDLE_LOADER = "$(TEST_HOST)";
				FRAMEWORK_SEARCH_PATHS = (
					"$(SDKROOT)/Developer/Library/Frameworks",
					"$(inherited)",
				);
				INFOPLIST_FILE = SPCV1Tests/Info.plist;
				LD_RUNPATH_SEARCH_PATHS = "$(inherited) @executable_path/Frameworks @loader_path/Frameworks";
				PRODUCT_NAME = "$(TARGET_NAME)";
				TEST_HOST = "$(BUILT_PRODUCTS_DIR)/SPCV1.app/SPCV1";
			};
			name = Release;
		};
/* End XCBuildConfiguration section */

/* Begin XCConfigurationList section */
		15CE92961BA383880094E491 /* Build configuration list for PBXProject "SPCV1" */ = {
			isa = XCConfigurationList;
			buildConfigurations = (
				15CE92B81BA383880094E491 /* Debug */,
				15CE92B91BA383880094E491 /* Release */,
			);
			defaultConfigurationIsVisible = 0;
			defaultConfigurationName = Release;
		};
		15CE92BA1BA383880094E491 /* Build configuration list for PBXNativeTarget "SPCV1" */ = {
			isa = XCConfigurationList;
			buildConfigurations = (
				15CE92BB1BA383880094E491 /* Debug */,
				15CE92BC1BA383880094E491 /* Release */,
			);
			defaultConfigurationIsVisible = 0;
		};
		15CE92BD1BA383880094E491 /* Build configuration list for PBXNativeTarget "SPCV1Tests" */ = {
			isa = XCConfigurationList;
			buildConfigurations = (
				15CE92BE1BA383880094E491 /* Debug */,
				15CE92BF1BA383880094E491 /* Release */,
			);
			defaultConfigurationIsVisible = 0;
		};
/* End XCConfigurationList section */
	};
	rootObject = 15CE92931BA383880094E491 /* Project object */;
}
